
Microsoft Visual Studio Solution File, Format Version 12.00
# Visual Studio Version 17
VisualStudioVersion = 17.11.35312.102
MinimumVisualStudioVersion = 10.0.40219.1
Project("{FAE04EC0-301F-11D3-BF4B-00C04F79EFBC}") = "CSharpEgitimKampi2", "CSharpEgitimKampi2\CSharpEgitimKampi2.csproj", "{6C28F31B-CF99-4C5B-A971-2F2C5EFAB0E5}"
EndProject
Global
	GlobalSection(SolutionConfigurationPlatforms) = preSolution
		Debug|Any CPU = Debug|Any CPU
		Release|Any CPU = Release|Any CPU
	EndGlobalSection
	GlobalSection(ProjectConfigurationPlatforms) = postSolution
		{6C28F31B-CF99-4C5B-A971-2F2C5EFAB0E5}.Debug|Any CPU.ActiveCfg = Debug|Any CPU
		{6C28F31B-CF99-4C5B-A971-2F2C5EFAB0E5}.Debug|Any CPU.Build.0 = Debug|Any CPU
		{6C28F31B-CF99-4C5B-A971-2F2C5EFAB0E5}.Release|Any CPU.ActiveCfg = Release|Any CPU
		{6C28F31B-CF99-4C5B-A971-2F2C5EFAB0E5}.Release|Any CPU.Build.0 = Release|Any CPU
	EndGlobalSection
	GlobalSection(SolutionProperties) = preSolution
		HideSolutionNode = FALSE
	EndGlobalSection
	GlobalSection(ExtensibilityGlobals) = postSolution
		SolutionGuid = {8F36DA08-BD37-4455-B716-89764DFD93C2}
	EndGlobalSection
EndGlobal
